
Microsoft Visual Studio Solution File, Format Version 12.00
# Visual Studio 15
Project("{FAE04EC0-301F-11D3-BF4B-00C04F79EFBC}") = "GoSharp", "src\GoSharp.csproj", "{8F80C34C-58EA-4917-A614-98B8AA857107}"
EndProject
Project("{2150E333-8FDC-42A3-9474-1A3956D46DE8}") = "SolutionItems", "SolutionItems", "{45CC7D6E-58CF-4E11-945F-8ACC424B0C2B}"
	ProjectSection(SolutionItems) = preProject
		Dockerfile = Dockerfile
		docker-compose.yml = docker-compose.yml
	EndProjectSection
EndProject
Global
	GlobalSection(SolutionConfigurationPlatforms) = preSolution
		Debug|Any CPU = Debug|Any CPU
		Release|Any CPU = Release|Any CPU
	EndGlobalSection
	GlobalSection(ProjectConfigurationPlatforms) = postSolution
		{8F80C34C-58EA-4917-A614-98B8AA857107}.Debug|Any CPU.ActiveCfg = Debug|Any CPU
		{8F80C34C-58EA-4917-A614-98B8AA857107}.Debug|Any CPU.Build.0 = Debug|Any CPU
		{8F80C34C-58EA-4917-A614-98B8AA857107}.Release|Any CPU.ActiveCfg = Release|Any CPU
		{8F80C34C-58EA-4917-A614-98B8AA857107}.Release|Any CPU.Build.0 = Release|Any CPU
	EndGlobalSection
EndGlobal
